
Microsoft Visual Studio Solution File, Format Version 12.00
# Visual Studio Version 17
VisualStudioVersion = 17.11.35327.3
MinimumVisualStudioVersion = 10.0.40219.1
Project("{FAE04EC0-301F-11D3-BF4B-00C04F79EFBC}") = "C#_intro3_4", "C#_intro3_4.csproj", "{E51DD2BC-5F2E-446D-9DFF-01F26573B8ED}"
EndProject
Global
	GlobalSection(SolutionConfigurationPlatforms) = preSolution
		Debug|Any CPU = Debug|Any CPU
		Release|Any CPU = Release|Any CPU
	EndGlobalSection
	GlobalSection(ProjectConfigurationPlatforms) = postSolution
		{E51DD2BC-5F2E-446D-9DFF-01F26573B8ED}.Debug|Any CPU.ActiveCfg = Debug|Any CPU
		{E51DD2BC-5F2E-446D-9DFF-01F26573B8ED}.Debug|Any CPU.Build.0 = Debug|Any CPU
		{E51DD2BC-5F2E-446D-9DFF-01F26573B8ED}.Release|Any CPU.ActiveCfg = Release|Any CPU
		{E51DD2BC-5F2E-446D-9DFF-01F26573B8ED}.Release|Any CPU.Build.0 = Release|Any CPU
	EndGlobalSection
	GlobalSection(SolutionProperties) = preSolution
		HideSolutionNode = FALSE
	EndGlobalSection
	GlobalSection(ExtensibilityGlobals) = postSolution
		SolutionGuid = {2C69A205-AE4E-4EEE-9625-59A62CD11EEC}
	EndGlobalSection
EndGlobal
