
Microsoft Visual Studio Solution File, Format Version 12.00
# Visual Studio Version 17
VisualStudioVersion = 17.11.35327.3
MinimumVisualStudioVersion = 10.0.40219.1
Project("{FAE04EC0-301F-11D3-BF4B-00C04F79EFBC}") = "C#_intro3_7", "C#_intro3_7.csproj", "{DCC8AF38-8250-4FF7-8B8B-313A1FB5FDA5}"
EndProject
Global
	GlobalSection(SolutionConfigurationPlatforms) = preSolution
		Debug|Any CPU = Debug|Any CPU
		Release|Any CPU = Release|Any CPU
	EndGlobalSection
	GlobalSection(ProjectConfigurationPlatforms) = postSolution
		{DCC8AF38-8250-4FF7-8B8B-313A1FB5FDA5}.Debug|Any CPU.ActiveCfg = Debug|Any CPU
		{DCC8AF38-8250-4FF7-8B8B-313A1FB5FDA5}.Debug|Any CPU.Build.0 = Debug|Any CPU
		{DCC8AF38-8250-4FF7-8B8B-313A1FB5FDA5}.Release|Any CPU.ActiveCfg = Release|Any CPU
		{DCC8AF38-8250-4FF7-8B8B-313A1FB5FDA5}.Release|Any CPU.Build.0 = Release|Any CPU
	EndGlobalSection
	GlobalSection(SolutionProperties) = preSolution
		HideSolutionNode = FALSE
	EndGlobalSection
	GlobalSection(ExtensibilityGlobals) = postSolution
		SolutionGuid = {94B04AF3-EF85-4042-A8F0-5ACB222CBCC6}
	EndGlobalSection
EndGlobal
