
Microsoft Visual Studio Solution File, Format Version 12.00
# Visual Studio Version 17
VisualStudioVersion = 17.11.35327.3
MinimumVisualStudioVersion = 10.0.40219.1
Project("{FAE04EC0-301F-11D3-BF4B-00C04F79EFBC}") = "C#_intro_7", "C#_intro_7.csproj", "{7DFCD418-8299-4F14-B854-5B9F981F6292}"
EndProject
Project("{FAE04EC0-301F-11D3-BF4B-00C04F79EFBC}") = "EvenNumbersTests", "..\EvenNumbersTests\EvenNumbersTests.csproj", "{044CCD1C-CA35-4404-90D4-4D3371B8F776}"
EndProject
Global
	GlobalSection(SolutionConfigurationPlatforms) = preSolution
		Debug|Any CPU = Debug|Any CPU
		Release|Any CPU = Release|Any CPU
	EndGlobalSection
	GlobalSection(ProjectConfigurationPlatforms) = postSolution
		{7DFCD418-8299-4F14-B854-5B9F981F6292}.Debug|Any CPU.ActiveCfg = Debug|Any CPU
		{7DFCD418-8299-4F14-B854-5B9F981F6292}.Debug|Any CPU.Build.0 = Debug|Any CPU
		{7DFCD418-8299-4F14-B854-5B9F981F6292}.Release|Any CPU.ActiveCfg = Release|Any CPU
		{7DFCD418-8299-4F14-B854-5B9F981F6292}.Release|Any CPU.Build.0 = Release|Any CPU
		{044CCD1C-CA35-4404-90D4-4D3371B8F776}.Debug|Any CPU.ActiveCfg = Debug|Any CPU
		{044CCD1C-CA35-4404-90D4-4D3371B8F776}.Debug|Any CPU.Build.0 = Debug|Any CPU
		{044CCD1C-CA35-4404-90D4-4D3371B8F776}.Release|Any CPU.ActiveCfg = Release|Any CPU
		{044CCD1C-CA35-4404-90D4-4D3371B8F776}.Release|Any CPU.Build.0 = Release|Any CPU
	EndGlobalSection
	GlobalSection(SolutionProperties) = preSolution
		HideSolutionNode = FALSE
	EndGlobalSection
	GlobalSection(ExtensibilityGlobals) = postSolution
		SolutionGuid = {47488C23-2AFC-4E3F-A04B-8D231E637472}
	EndGlobalSection
EndGlobal
