
Microsoft Visual Studio Solution File, Format Version 12.00
# Visual Studio Version 17
VisualStudioVersion = 17.11.35327.3
MinimumVisualStudioVersion = 10.0.40219.1
Project("{FAE04EC0-301F-11D3-BF4B-00C04F79EFBC}") = "C#_intro2_3", "C#_intro2_3.csproj", "{4BCDECCE-7371-4E23-AD18-DF57BB51317E}"
EndProject
Global
	GlobalSection(SolutionConfigurationPlatforms) = preSolution
		Debug|Any CPU = Debug|Any CPU
		Release|Any CPU = Release|Any CPU
	EndGlobalSection
	GlobalSection(ProjectConfigurationPlatforms) = postSolution
		{4BCDECCE-7371-4E23-AD18-DF57BB51317E}.Debug|Any CPU.ActiveCfg = Debug|Any CPU
		{4BCDECCE-7371-4E23-AD18-DF57BB51317E}.Debug|Any CPU.Build.0 = Debug|Any CPU
		{4BCDECCE-7371-4E23-AD18-DF57BB51317E}.Release|Any CPU.ActiveCfg = Release|Any CPU
		{4BCDECCE-7371-4E23-AD18-DF57BB51317E}.Release|Any CPU.Build.0 = Release|Any CPU
	EndGlobalSection
	GlobalSection(SolutionProperties) = preSolution
		HideSolutionNode = FALSE
	EndGlobalSection
	GlobalSection(ExtensibilityGlobals) = postSolution
		SolutionGuid = {BCB3615C-9633-40A3-B753-C8579B2C8E0D}
	EndGlobalSection
EndGlobal
